{
  "name": "dtc-starter-monorepo",
  "lockfileVersion": 3,
  "requires": true,
  "packages": {
    "": {
      "name": "dtc-starter-monorepo",
      "dependencies": {
        "@sentry/react": "^10.59.0"
      },
      "devDependencies": {
        "prettier": "^3.2.5",
        "turbo": "^2.0.14"
      },
      "engines": {
        "node": ">=20"
      }
    },
    "node_modules/.pnpm/prettier@3.7.4/node_modules/prettier": {
      "version": "3.7.4",
      "dev": true,
      "license": "MIT",
      "bin": {
        "prettier": "bin/prettier.cjs"
      },
      "engines": {
        "node": ">=14"
      },
      "funding": {
        "url": "https://github.com/prettier/prettier?sponsor=1"
      }
    },
    "node_modules/@sentry/browser": {
      "version": "10.59.0",
      "resolved": "https://registry.npmjs.org/@sentry/browser/-/browser-10.59.0.tgz",
      "integrity": "sha512-d0o0oc78KNWCZ6yq9gREf9BPXWza/Wj9W+nCm0CvPD5k2IbouD/eJsm2Mb+d53YfEm12L+SePfgOx01KbbVx4A==",
      "license": "MIT",
      "dependencies": {
        "@sentry/browser-utils": "10.59.0",
        "@sentry/core": "10.59.0",
        "@sentry/feedback": "10.59.0",
        "@sentry/replay": "10.59.0",
        "@sentry/replay-canvas": "10.59.0"
      },
      "engines": {
        "node": ">=18"
      }
    },
    "node_modules/@sentry/browser-utils": {
      "version": "10.59.0",
      "resolved": "https://registry.npmjs.org/@sentry/browser-utils/-/browser-utils-10.59.0.tgz",
      "integrity": "sha512-DpJIrNi0Hsj/YONTZ8km1wv7ue2NzrTmFKJ3lRW8Q2nS/mrMeP3LCvjreLtKheTouB4go58NxM68AEFbXk4rPg==",
      "license": "MIT",
      "dependencies": {
        "@sentry/core": "10.59.0"
      },
      "engines": {
        "node": ">=18"
      }
    },
    "node_modules/@sentry/core": {
      "version": "10.59.0",
      "resolved": "https://registry.npmjs.org/@sentry/core/-/core-10.59.0.tgz",
      "integrity": "sha512-QeG7XZL5j6CkToYCE7OwCerb/r742Tjj9p1BBohBKcypYTPRuqfD+A3FeUj7pk5CGO6Vj1/gOAmdbuuNbR51dQ==",
      "license": "MIT",
      "engines": {
        "node": ">=18"
      }
    },
    "node_modules/@sentry/feedback": {
      "version": "10.59.0",
      "resolved": "https://registry.npmjs.org/@sentry/feedback/-/feedback-10.59.0.tgz",
      "integrity": "sha512-Sa/06LlG/mYR4z8/JlxOwvkcOHJnaMW6JyTMKNsgEoR1SHZULIpirjUuHIp4P+7R1mqX/KGTj8I7SQ3adA0TxQ==",
      "license": "MIT",
      "dependencies": {
        "@sentry/core": "10.59.0"
      },
      "engines": {
        "node": ">=18"
      }
    },
    "node_modules/@sentry/react": {
      "version": "10.59.0",
      "resolved": "https://registry.npmjs.org/@sentry/react/-/react-10.59.0.tgz",
      "integrity": "sha512-B3MmXooGLnTu0gyL8hxElCu1+WVEXjIGoDPvGqn5qMHZNSmB2oPTAt1/UutuxAc6EWu2UKIHnyPowNeY2MPH3g==",
      "license": "MIT",
      "dependencies": {
        "@sentry/browser": "10.59.0",
        "@sentry/core": "10.59.0"
      },
      "engines": {
        "node": ">=18"
      },
      "peerDependencies": {
        "react": "^16.14.0 || 17.x || 18.x || 19.x"
      }
    },
    "node_modules/@sentry/replay": {
      "version": "10.59.0",
      "resolved": "https://registry.npmjs.org/@sentry/replay/-/replay-10.59.0.tgz",
      "integrity": "sha512-fpHL25JErsSfTyusuyZ3Q5JmRZeWYWynJO3PNiQH6A/58EqaCp8U5y8LCJ+CSPaeuBMka3S3Qn6U4eXcvkDMRA==",
      "license": "MIT",
      "dependencies": {
        "@sentry/browser-utils": "10.59.0",
        "@sentry/core": "10.59.0"
      },
      "engines": {
        "node": ">=18"
      }
    },
    "node_modules/@sentry/replay-canvas": {
      "version": "10.59.0",
      "resolved": "https://registry.npmjs.org/@sentry/replay-canvas/-/replay-canvas-10.59.0.tgz",
      "integrity": "sha512-bJkqvxQiat27P7+hUYC/m545Ct/uVxZCjh+PeCFdRcuHnZZ92e6Z7XPLf0LqAR6tR1U7wDUa4V5ugrMIEz+vpQ==",
      "license": "MIT",
      "dependencies": {
        "@sentry/core": "10.59.0",
        "@sentry/replay": "10.59.0"
      },
      "engines": {
        "node": ">=18"
      }
    },
    "node_modules/@turbo/darwin-64": {
      "version": "2.9.18",
      "resolved": "https://registry.npmjs.org/@turbo/darwin-64/-/darwin-64-2.9.18.tgz",
      "integrity": "sha512-9f27peFu16ur8c0v9nUFUEyBnbKuuFsUTjHFWfmwGfzySBXbHwzU44QhZon6Mznz0cHsIr3984NQj/bVrnGSRw==",
      "cpu": [
        "x64"
      ],
      "dev": true,
      "license": "MIT",
      "optional": true,
      "os": [
        "darwin"
      ]
    },
    "node_modules/@turbo/darwin-arm64": {
      "version": "2.9.18",
      "resolved": "https://registry.npmjs.org/@turbo/darwin-arm64/-/darwin-arm64-2.9.18.tgz",
      "integrity": "sha512-9A6TMRq/Ib+QnbhLlgkhOm+624wO4pzSQ/yQviQfWHOlFvaYxdnIAYmu2H6TS6y7kSVL0DvzNe04NbESTOzFVQ==",
      "cpu": [
        "arm64"
      ],
      "dev": true,
      "license": "MIT",
      "optional": true,
      "os": [
        "darwin"
      ]
    },
    "node_modules/@turbo/linux-64": {
      "version": "2.9.18",
      "resolved": "https://registry.npmjs.org/@turbo/linux-64/-/linux-64-2.9.18.tgz",
      "integrity": "sha512-zCdIDtz69AnbYh913elJRRoF3QY5aa2HNnf+4rAkc7bQ+tWujiDkCNV7stazOUPggaDvhKIf2Z87qHftTeXSkw==",
      "cpu": [
        "x64"
      ],
      "dev": true,
      "license": "MIT",
      "optional": true,
      "os": [
        "linux"
      ]
    },
    "node_modules/@turbo/linux-arm64": {
      "version": "2.9.18",
      "resolved": "https://registry.npmjs.org/@turbo/linux-arm64/-/linux-arm64-2.9.18.tgz",
      "integrity": "sha512-Va1kXI04naMgYwqv/5Dfa36dTDx8015U7oaQAjrXa45ua9OoFjSV4OmvkML4EmXvUclQHCiBRbY8bvd0jV7eAg==",
      "cpu": [
        "arm64"
      ],
      "dev": true,
      "license": "MIT",
      "optional": true,
      "os": [
        "linux"
      ]
    },
    "node_modules/@turbo/windows-64": {
      "version": "2.9.18",
      "resolved": "https://registry.npmjs.org/@turbo/windows-64/-/windows-64-2.9.18.tgz",
      "integrity": "sha512-m0kDhZANxSNz9ck1ybogFscHabriAsp4eDFNrN/1H5WrgTF7b3VlcPZnhuO3v2+E2KnCbeAc+UUT10BZZHdDKw==",
      "cpu": [
        "x64"
      ],
      "dev": true,
      "license": "MIT",
      "optional": true,
      "os": [
        "win32"
      ]
    },
    "node_modules/@turbo/windows-arm64": {
      "version": "2.9.18",
      "resolved": "https://registry.npmjs.org/@turbo/windows-arm64/-/windows-arm64-2.9.18.tgz",
      "integrity": "sha512-nUdR8WqoomUys9iIQmG45TMiizJ+5BV8egSeLLZba/AWblyp3fVBcIH1kSE58OtK4g2YzbMJEth6Ttv9w5rqMA==",
      "cpu": [
        "arm64"
      ],
      "dev": true,
      "license": "MIT",
      "optional": true,
      "os": [
        "win32"
      ]
    },
    "node_modules/prettier": {
      "resolved": "node_modules/.pnpm/prettier@3.7.4/node_modules/prettier",
      "link": true
    },
    "node_modules/react": {
      "version": "19.2.7",
      "resolved": "https://registry.npmjs.org/react/-/react-19.2.7.tgz",
      "integrity": "sha512-HNe9WslTbXmFK8o8cmwgAeJFSBvt1bPdHCVKtaaV+WlAN36mpT4hcRpwbf3fY56ar2oIXzsBpOAiIRHAdY0OlQ==",
      "license": "MIT",
      "peer": true,
      "engines": {
        "node": ">=0.10.0"
      }
    },
    "node_modules/turbo": {
      "version": "2.9.18",
      "resolved": "https://registry.npmjs.org/turbo/-/turbo-2.9.18.tgz",
      "integrity": "sha512-bwabv6PupzeavybzEoArBAkwq5fnzwf8OFnRtpHwnviFWuwJPFxtyH+aVp36TmIqK3aYYgtTJ3J0m2ysxxSzQg==",
      "dev": true,
      "license": "MIT",
      "bin": {
        "turbo": "bin/turbo"
      },
      "optionalDependencies": {
        "@turbo/darwin-64": "2.9.18",
        "@turbo/darwin-arm64": "2.9.18",
        "@turbo/linux-64": "2.9.18",
        "@turbo/linux-arm64": "2.9.18",
        "@turbo/windows-64": "2.9.18",
        "@turbo/windows-arm64": "2.9.18"
      }
    }
  }
}
